<?xml version="1.0" encoding="utf-8"?>
<Project ToolsVersion="4.0" xmlns="http://schemas.microsoft.com/developer/msbuild/2003">
  <ItemGroup>
    <Filter Include="Source Files">
      <UniqueIdentifier>{32a6784d-463c-4d06-9891-28a0383be573}</UniqueIdentifier>
      <Extensions>cpp;c;cxx;def;odl;idl;hpj;bat;asm</Extensions>
    </Filter>
    <Filter Include="Header Files">
      <UniqueIdentifier>{80b674cf-292d-4b65-b0f6-815857a825df}</UniqueIdentifier>
      <Extensions>h;hpp;hxx;hm;inl;inc</Extensions>
    </Filter>
    <Filter Include="Resource Files">
      <UniqueIdentifier>{65757f3c-280f-4832-8341-5847fee7d3e3}</UniqueIdentifier>
      <Extensions>rc;ico;cur;bmp;dlg;rc2;rct;bin;rgs;gif;jpg;jpeg;jpe</Extensions>
    </Filter>
  </ItemGroup>
  <ItemGroup>
    <ClCompile Include="..\advsrv.c">
      <Filter>Source Files</Filter>
    </ClCompile>
    <ClCompile Include="..\jobname.c">
      <Filter>Source Files</Filter>
    </ClCompile>
    <ClCompile Include="..\mwlang.c">
      <Filter>Source Files</Filter>
    </ClCompile>
    <ClCompile Include="..\notesdbts.c">
      <Filter>Source Files</Filter>
    </ClCompile>
    <ClCompile Include="..\procname.c">
      <Filter>Source Files</Filter>
    </ClCompile>
  </ItemGroup>
  <ItemGroup>
    <None Include="..\advsrv.def">
      <Filter>Source Files</Filter>
    </None>
  </ItemGroup>
  <ItemGroup>
    <ClInclude Include="..\mwlang.h">
      <Filter>Header Files</Filter>
    </ClInclude>
    <ClInclude Include="..\notesdbts.h">
      <Filter>Header Files</Filter>
    </ClInclude>
    <ClInclude Include="..\resource.h">
      <Filter>Header Files</Filter>
    </ClInclude>
  </ItemGroup>
  <ItemGroup>
    <ResourceCompile Include="versioning.rc">
      <Filter>Resource Files</Filter>
    </ResourceCompile>
  </ItemGroup>
</Project>